# THIS IS AN AUTOGENERATED FILE. DO NOT EDIT THIS FILE DIRECTLY.
# yarn lockfile v1


"@types/body-parser@*":
  "integrity" "sha512-W98JrE0j2K78swW4ukqMleo8R7h/pFETjM2DQ90MF6XK2i4LO4W3gQ71Lt4w3bfm2EvVSyWHplECvB5sK22yFQ=="
  "resolved" "https://registry.yarnpkg.com/@types/body-parser/-/body-parser-1.19.0.tgz"
  "version" "1.19.0"
  dependencies:
    "@types/connect" "*"
    "@types/node" "*"

"@types/connect@*":
  "integrity" "sha512-2+FrkXY4zllzTNfJth7jOqEHC+enpLeGslEhpnTAkg21GkRrWV4SsAtqchtT4YS9/nODBU2/ZfsBY2X4J/dX7A=="
  "resolved" "https://registry.yarnpkg.com/@types/connect/-/connect-3.4.33.tgz"
  "version" "3.4.33"
  dependencies:
    "@types/node" "*"

"@types/cookie@^0.4.0":
  "integrity" "sha512-y7mImlc/rNkvCRmg8gC3/lj87S7pTUIJ6QGjwHR9WQJcFs+ZMTOaoPrkdFA/YdbuqVEmEbb5RdhVxMkAcgOnpg=="
  "resolved" "https://registry.yarnpkg.com/@types/cookie/-/cookie-0.4.0.tgz"
  "version" "0.4.0"

"@types/cors@^2.8.8":
  "integrity" "sha512-fO3gf3DxU2Trcbr75O7obVndW/X5k8rJNZkLXlQWStTHhP71PkRqjwPIEI0yMnJdg9R9OasjU+Bsr+Hr1xy/0w=="
  "resolved" "https://registry.yarnpkg.com/@types/cors/-/cors-2.8.8.tgz"
  "version" "2.8.8"
  dependencies:
    "@types/express" "*"

"@types/express-serve-static-core@*":
  "integrity" "sha512-RgDi5a4nuzam073lRGKTUIaL3eF2+H7LJvJ8eUnCI0wA6SNjXc44DCmWNiTLs/AZ7QlsFWZiw/gTG3nSQGL0fA=="
  "resolved" "https://registry.yarnpkg.com/@types/express-serve-static-core/-/express-serve-static-core-4.17.13.tgz"
  "version" "4.17.13"
  dependencies:
    "@types/node" "*"
    "@types/qs" "*"
    "@types/range-parser" "*"

"@types/express@*":
  "integrity" "sha512-SDzEIZInC4sivGIFY4Sz1GG6J9UObPwCInYJjko2jzOf/Imx/dlpume6Xxwj1ORL82tBbmN4cPDIDkLbWHk9hw=="
  "resolved" "https://registry.yarnpkg.com/@types/express/-/express-4.17.9.tgz"
  "version" "4.17.9"
  dependencies:
    "@types/body-parser" "*"
    "@types/express-serve-static-core" "*"
    "@types/qs" "*"
    "@types/serve-static" "*"

"@types/mime@*":
  "integrity" "sha512-Jus9s4CDbqwocc5pOAnh8ShfrnMcPHuJYzVcSUU7lrh8Ni5HuIqX3oilL86p3dlTrk0LzHRCgA/GQ7uNCw6l2Q=="
  "resolved" "https://registry.yarnpkg.com/@types/mime/-/mime-2.0.3.tgz"
  "version" "2.0.3"

"@types/node@*", "@types/node@^14.14.7":
  "integrity" "sha512-z/5Yd59dCKI5kbxauAJgw6dLPzW+TNOItNE00PkpzNwUIEwdj/Lsqwq94H5DdYBX7C13aRA0CY32BK76+neEUA=="
  "resolved" "https://registry.yarnpkg.com/@types/node/-/node-14.14.8.tgz"
  "version" "14.14.8"

"@types/qs@*":
  "integrity" "sha512-/JHkVHtx/REVG0VVToGRGH2+23hsYLHdyG+GrvoUGlGAd0ErauXDyvHtRI/7H7mzLm+tBCKA7pfcpkQ1lf58iQ=="
  "resolved" "https://registry.yarnpkg.com/@types/qs/-/qs-6.9.5.tgz"
  "version" "6.9.5"

"@types/range-parser@*":
  "integrity" "sha512-ewFXqrQHlFsgc09MK5jP5iR7vumV/BYayNC6PgJO2LPe8vrnNFyjQjSppfEngITi0qvfKtzFvgKymGheFM9UOA=="
  "resolved" "https://registry.yarnpkg.com/@types/range-parser/-/range-parser-1.2.3.tgz"
  "version" "1.2.3"

"@types/serve-static@*":
  "integrity" "sha512-MoJhSQreaVoL+/hurAZzIm8wafFR6ajiTM1m4A0kv6AGeVBl4r4pOV8bGFrjjq1sGxDTnCoF8i22o0/aE5XCyA=="
  "resolved" "https://registry.yarnpkg.com/@types/serve-static/-/serve-static-1.13.8.tgz"
  "version" "1.13.8"
  dependencies:
    "@types/mime" "*"
    "@types/node" "*"

"accepts@~1.3.4":
  "integrity" "sha512-Il80Qs2WjYlJIBNzNkK6KYqlVMTbZLXgHx2oT0pU/fjRHyEp+PEfEPY0R3WCwAGVOtauxh1hOxNgIf5bv7dQpA=="
  "resolved" "https://registry.yarnpkg.com/accepts/-/accepts-1.3.7.tgz"
  "version" "1.3.7"
  dependencies:
    "mime-types" "~2.1.24"
    "negotiator" "0.6.2"

"ansi-regex@^5.0.0":
  "integrity" "sha512-bY6fj56OUQ0hU1KjFNDQuJFezqKdrAyFdIevADiqrWHwSlbmBNMHp5ak2f40Pm8JTFyM2mqxkG6ngkHO11f/lg=="
  "resolved" "https://registry.yarnpkg.com/ansi-regex/-/ansi-regex-5.0.0.tgz"
  "version" "5.0.0"

"ansi-styles@^4.0.0":
  "integrity" "sha512-zbB9rCJAT1rbjiVDb2hqKFHNYLxgtk8NURxZ3IZwD3F6NtxbXZQCnnSi1Lkx+IDohdPlFp222wVALIheZJQSEg=="
  "resolved" "https://registry.yarnpkg.com/ansi-styles/-/ansi-styles-4.3.0.tgz"
  "version" "4.3.0"
  dependencies:
    "color-convert" "^2.0.1"

"array-filter@^1.0.0":
  "integrity" "sha1-uveeYubvTCpMC4MSMtr/7CUfnYM="
  "resolved" "https://registry.yarnpkg.com/array-filter/-/array-filter-1.0.0.tgz"
  "version" "1.0.0"

"assertion-error@1.0.0":
  "integrity" "sha1-x/hUOP3UZrx8oWq5DIFRN5el0js="
  "resolved" "https://registry.yarnpkg.com/assertion-error/-/assertion-error-1.0.0.tgz"
  "version" "1.0.0"

"available-typed-arrays@^1.0.0", "available-typed-arrays@^1.0.2":
  "integrity" "sha512-XWX3OX8Onv97LMk/ftVyBibpGwY5a8SmuxZPzeOxqmuEqUCOM9ZE+uIaD1VNJ5QnvU2UQusvmKbuM1FR8QWGfQ=="
  "resolved" "https://registry.yarnpkg.com/available-typed-arrays/-/available-typed-arrays-1.0.2.tgz"
  "version" "1.0.2"
  dependencies:
    "array-filter" "^1.0.0"

"base64id@~2.0.0", "base64id@2.0.0":
  "integrity" "sha512-lGe34o6EHj9y3Kts9R4ZYs/Gr+6N7MCaMlIFA3F1R2O5/m7K06AxfSeO5530PEERE6/WyEg3lsuyw4GHlPZHog=="
  "resolved" "https://registry.yarnpkg.com/base64id/-/base64id-2.0.0.tgz"
  "version" "2.0.0"

"benchmark@1.0.0":
  "integrity" "sha1-Lx4vpMNZ8REiqhgwgiGOlX45DHM="
  "resolved" "https://registry.yarnpkg.com/benchmark/-/benchmark-1.0.0.tgz"
  "version" "1.0.0"

"bn.js@^4.4.0":
  "integrity" "sha512-E6QoYqCKZfgatHTdHzs1RRKP7ip4vvm+EyRUeE2RF0NblwVvb0p6jSVeNTOFxPn26QXN2o6SMfNxKp6kU8zQaw=="
  "resolved" "https://registry.yarnpkg.com/bn.js/-/bn.js-4.11.9.tgz"
  "version" "4.11.9"

"brorand@^1.0.1":
  "integrity" "sha1-EsJe/kCkXjwyPrhnWgoM5XsiNx8="
  "resolved" "https://registry.yarnpkg.com/brorand/-/brorand-1.1.0.tgz"
  "version" "1.1.0"

"call-bind@^1.0.0":
  "integrity" "sha512-AEXsYIyyDY3MCzbwdhzG3Jx1R0J2wetQyUynn6dYHAO+bg8l1k7jwZtRv4ryryFs7EP+NDlikJlVe59jr0cM2w=="
  "resolved" "https://registry.yarnpkg.com/call-bind/-/call-bind-1.0.0.tgz"
  "version" "1.0.0"
  dependencies:
    "function-bind" "^1.1.1"
    "get-intrinsic" "^1.0.0"

"chai@>=1.9.2 <3", "chai@~2.1.2":
  "integrity" "sha1-AefKyJUM41bVIK/ngTJQWxzVRA8="
  "resolved" "https://registry.yarnpkg.com/chai/-/chai-2.1.2.tgz"
  "version" "2.1.2"
  dependencies:
    "assertion-error" "1.0.0"
    "deep-eql" "0.1.3"

"cliui@^7.0.2":
  "integrity" "sha512-OcRE68cOsVMXp1Yvonl/fzkQOyjLSu/8bhPDfQt0e0/Eb283TKP20Fs2MqoPsr9SwA595rRCA+QMzYc9nBP+JQ=="
  "resolved" "https://registry.yarnpkg.com/cliui/-/cliui-7.0.4.tgz"
  "version" "7.0.4"
  dependencies:
    "string-width" "^4.2.0"
    "strip-ansi" "^6.0.0"
    "wrap-ansi" "^7.0.0"

"color-convert@^2.0.1":
  "integrity" "sha512-RRECPsj7iu/xb5oKYcsFHSppFNnsj/52OVTRKb4zP5onXwVF3zVmmToNcOfGC+CRDpfK/U584fMg38ZHCaElKQ=="
  "resolved" "https://registry.yarnpkg.com/color-convert/-/color-convert-2.0.1.tgz"
  "version" "2.0.1"
  dependencies:
    "color-name" "~1.1.4"

"color-name@~1.1.4":
  "integrity" "sha512-dOy+3AuW3a2wNbZHIuMZpTcgjGuLU/uBL/ubcZF9OXbDo8ff4O8yVp5Bf0efS8uEoYo5q4Fx7dY9OgQGXgAsQA=="
  "resolved" "https://registry.yarnpkg.com/color-name/-/color-name-1.1.4.tgz"
  "version" "1.1.4"

"commander@0.6.1":
  "integrity" "sha1-+mihT2qUXVTbvlDYzbMyDp47GgY="
  "resolved" "https://registry.yarnpkg.com/commander/-/commander-0.6.1.tgz"
  "version" "0.6.1"

"commander@2.3.0":
  "integrity" "sha1-/UMOiJgy7DU7ms0d4hfBHLPu+HM="
  "resolved" "https://registry.yarnpkg.com/commander/-/commander-2.3.0.tgz"
  "version" "2.3.0"

"component-bind@^1.0.0":
  "integrity" "sha1-AMYIq33Nk4l8AAllGx06jh5zu9E="
  "resolved" "https://registry.yarnpkg.com/component-bind/-/component-bind-1.0.0.tgz"
  "version" "1.0.0"

"component-emitter@^1.2.0", "component-emitter@~1.3.0", "component-emitter@1.1.2":
  "integrity" "sha512-Rd3se6QB+sO1TwqZjscQrurpEPIfO0/yYnSin6Q/rD3mOutHvUrCAhJub3r90uNb+SESBuE0QYoB90YdfatsRg=="
  "resolved" "https://registry.yarnpkg.com/component-emitter/-/component-emitter-1.3.0.tgz"
  "version" "1.3.0"

"cookie@~0.4.1":
  "integrity" "sha512-ZwrFkGJxUR3EIoXtO+yVE69Eb7KlixbaeAWfBQB9vVsNn/o+Yw69gBWSSDK825hQNdN+wF8zELf3dFNl/kxkUA=="
  "resolved" "https://registry.yarnpkg.com/cookie/-/cookie-0.4.1.tgz"
  "version" "0.4.1"

"cors@~2.8.5":
  "integrity" "sha512-KIHbLJqu73RGr/hnbrO9uBeixNGuvSQjul/jdFvS/KFSIH1hWVd1ng7zOHx+YrEfInLG7q4n6GHQ9cDtxv/P6g=="
  "resolved" "https://registry.yarnpkg.com/cors/-/cors-2.8.5.tgz"
  "version" "2.8.5"
  dependencies:
    "object-assign" "^4"
    "vary" "^1"

"crypto-js@^4.0.0":
  "integrity" "sha512-bzHZN8Pn+gS7DQA6n+iUmBfl0hO5DJq++QP3U6uTucDtk/0iGpXd/Gg7CGR0p8tJhofJyaKoWBuJI4eAO00BBg=="
  "resolved" "https://registry.yarnpkg.com/crypto-js/-/crypto-js-4.0.0.tgz"
  "version" "4.0.0"

"debug@^2.1.0":
  "integrity" "sha512-bC7ElrdJaJnPbAP+1EotYvqZsb3ecl5wi6Bfi6BJTUcNowp6cvspg0jXznRTKDjm/E7AdgFBVeAPVMNcKGsHMA=="
  "resolved" "https://registry.yarnpkg.com/debug/-/debug-2.6.9.tgz"
  "version" "2.6.9"
  dependencies:
    "ms" "2.0.0"

"debug@~2.1.2":
  "integrity" "sha1-zoqxte6PvuK/o7Yzyrk9NmtjQY4="
  "resolved" "https://registry.yarnpkg.com/debug/-/debug-2.1.3.tgz"
  "version" "2.1.3"
  dependencies:
    "ms" "0.7.0"

"debug@~4.1.0", "debug@0.7.4":
  "integrity" "sha512-pYAIzeRo8J6KPEaJ0VWOh5Pzkbw/RetuzehGM7QRRX5he4fPHx2rdKMB256ehJCkX+XRQm16eZLqLNS8RSZXZw=="
  "resolved" "https://registry.yarnpkg.com/debug/-/debug-4.1.1.tgz"
  "version" "4.1.1"
  dependencies:
    "ms" "^2.1.1"

"debug@2.0.0":
  "integrity" "sha1-ib2d9nMrUSVrxnBTQrugLtEhMe8="
  "resolved" "https://registry.yarnpkg.com/debug/-/debug-2.0.0.tgz"
  "version" "2.0.0"
  dependencies:
    "ms" "0.6.2"

"deep-eql@0.1.3":
  "integrity" "sha1-71WKyrjeJSBs1xOQbXTlaTDrafI="
  "resolved" "https://registry.yarnpkg.com/deep-eql/-/deep-eql-0.1.3.tgz"
  "version" "0.1.3"
  dependencies:
    "type-detect" "0.1.1"

"define-properties@^1.1.3":
  "integrity" "sha512-3MqfYKj2lLzdMSf8ZIZE/V+Zuy+BgD6f164e8K2w7dgnpKArBDerGYpM46IYYcjnkdPNMjPk9A6VFB8+3SKlXQ=="
  "resolved" "https://registry.yarnpkg.com/define-properties/-/define-properties-1.1.3.tgz"
  "version" "1.1.3"
  dependencies:
    "object-keys" "^1.0.12"

"diff@1.4.0":
  "integrity" "sha1-fyjS657nsVqX79ic5j3P2qPMur8="
  "resolved" "https://registry.yarnpkg.com/diff/-/diff-1.4.0.tgz"
  "version" "1.4.0"

"elliptic@^6.5.3":
  "integrity" "sha512-IMqzv5wNQf+E6aHeIqATs0tOLeOTwj1QKbRcS3jBbYkl5oLAserA8yJTT7/VyHUYG91PRmPyeQDObKLPpeS4dw=="
  "resolved" "https://registry.yarnpkg.com/elliptic/-/elliptic-6.5.3.tgz"
  "version" "6.5.3"
  dependencies:
    "bn.js" "^4.4.0"
    "brorand" "^1.0.1"
    "hash.js" "^1.0.0"
    "hmac-drbg" "^1.0.0"
    "inherits" "^2.0.1"
    "minimalistic-assert" "^1.0.0"
    "minimalistic-crypto-utils" "^1.0.0"

"emoji-regex@^8.0.0":
  "integrity" "sha512-MSjYzcWNOA0ewAHpz0MxpYFvwg6yjy1NG3xteoqz644VCo/RPgnr1/GGt+ic3iJTzQ8Eu3TdM14SawnVUmGE6A=="
  "resolved" "https://registry.yarnpkg.com/emoji-regex/-/emoji-regex-8.0.0.tgz"
  "version" "8.0.0"

"engine.io-parser@~4.0.0":
  "integrity" "sha512-v5aZK1hlckcJDGmHz3W8xvI3NUHYc9t8QtTbqdR5OaH3S9iJZilPubauOm+vLWOMMWzpE3hiq92l9lTAHamRCg=="
  "resolved" "https://registry.yarnpkg.com/engine.io-parser/-/engine.io-parser-4.0.1.tgz"
  "version" "4.0.1"

"engine.io@~4.0.0":
  "integrity" "sha512-4ggUX5pICZU17OTZNFv5+uFE/ZyoK+TIXv2SvxWWX8lwStllQ6Lvvs4lDBqvKpV9EYXNcvlNOcjKChd/mo+8Tw=="
  "resolved" "https://registry.yarnpkg.com/engine.io/-/engine.io-4.0.4.tgz"
  "version" "4.0.4"
  dependencies:
    "accepts" "~1.3.4"
    "base64id" "2.0.0"
    "cookie" "~0.4.1"
    "cors" "~2.8.5"
    "debug" "~4.1.0"
    "engine.io-parser" "~4.0.0"
    "ws" "^7.1.2"

"es-abstract@^1.17.4", "es-abstract@^1.17.5":
  "integrity" "sha512-VBl/gnfcJ7OercKA9MVaegWsBHFjV492syMudcnQZvt/Dw8ezpcOHYZXa/J96O8vx+g4x65YKhxOwDUh63aS5g=="
  "resolved" "https://registry.yarnpkg.com/es-abstract/-/es-abstract-1.17.7.tgz"
  "version" "1.17.7"
  dependencies:
    "es-to-primitive" "^1.2.1"
    "function-bind" "^1.1.1"
    "has" "^1.0.3"
    "has-symbols" "^1.0.1"
    "is-callable" "^1.2.2"
    "is-regex" "^1.1.1"
    "object-inspect" "^1.8.0"
    "object-keys" "^1.1.1"
    "object.assign" "^4.1.1"
    "string.prototype.trimend" "^1.0.1"
    "string.prototype.trimstart" "^1.0.1"

"es-abstract@^1.18.0-next.1":
  "integrity" "sha512-I4UGspA0wpZXWENrdA0uHbnhte683t3qT/1VFH9aX2dA5PPSf6QW5HHXf5HImaqPmjXaVeVk4RGWnaylmV7uAA=="
  "resolved" "https://registry.yarnpkg.com/es-abstract/-/es-abstract-1.18.0-next.1.tgz"
  "version" "1.18.0-next.1"
  dependencies:
    "es-to-primitive" "^1.2.1"
    "function-bind" "^1.1.1"
    "has" "^1.0.3"
    "has-symbols" "^1.0.1"
    "is-callable" "^1.2.2"
    "is-negative-zero" "^2.0.0"
    "is-regex" "^1.1.1"
    "object-inspect" "^1.8.0"
    "object-keys" "^1.1.1"
    "object.assign" "^4.1.1"
    "string.prototype.trimend" "^1.0.1"
    "string.prototype.trimstart" "^1.0.1"

"es-to-primitive@^1.2.1":
  "integrity" "sha512-QCOllgZJtaUo9miYBcLChTUaHNjJF3PYs1VidD7AwiEj1kYxKeQTctLAezAOH5ZKRH0g2IgPn6KwB4IT8iRpvA=="
  "resolved" "https://registry.yarnpkg.com/es-to-primitive/-/es-to-primitive-1.2.1.tgz"
  "version" "1.2.1"
  dependencies:
    "is-callable" "^1.1.4"
    "is-date-object" "^1.0.1"
    "is-symbol" "^1.0.2"

"escalade@^3.1.1":
  "integrity" "sha512-k0er2gUkLf8O0zKJiAhmkTnJlTvINGv7ygDNPbeIsX/TJjGJZHuh9B2UxbsaEkmlEo9MfhrSzmhIlhRlI2GXnw=="
  "resolved" "https://registry.yarnpkg.com/escalade/-/escalade-3.1.1.tgz"
  "version" "3.1.1"

"escape-string-regexp@1.0.2":
  "integrity" "sha1-Tbwv5nTnGUnK8/smlc5/LcHZqNE="
  "resolved" "https://registry.yarnpkg.com/escape-string-regexp/-/escape-string-regexp-1.0.2.tgz"
  "version" "1.0.2"

"extend.js@0.0.1":
  "integrity" "sha1-gUxFP0EgGhHgXqCApKcfAWmUrQs="
  "resolved" "https://registry.yarnpkg.com/extend.js/-/extend.js-0.0.1.tgz"
  "version" "0.0.1"

"foreach@^2.0.5":
  "integrity" "sha1-C+4AUBiusmDQo6865ljdATbsG5k="
  "resolved" "https://registry.yarnpkg.com/foreach/-/foreach-2.0.5.tgz"
  "version" "2.0.5"

"formatio@1.1.1":
  "integrity" "sha1-XtPM1jZVEJc4NGXZlhmRAOhhYek="
  "resolved" "https://registry.yarnpkg.com/formatio/-/formatio-1.1.1.tgz"
  "version" "1.1.1"
  dependencies:
    "samsam" "~1.1"

"fs@^0.0.1-security":
  "integrity" "sha1-invTcYa23d84E/I4WLV+yq9eQdQ="
  "resolved" "https://registry.yarnpkg.com/fs/-/fs-0.0.1-security.tgz"
  "version" "0.0.1-security"

"function-bind@^1.1.1":
  "integrity" "sha512-yIovAzMX49sF8Yl58fSCWJ5svSLuaibPxXQJFLmBObTuCr0Mf1KiPopGM9NiFjiYBCbfaa2Fh6breQ6ANVTI0A=="
  "resolved" "https://registry.yarnpkg.com/function-bind/-/function-bind-1.1.1.tgz"
  "version" "1.1.1"

"get-browser-rtc@^1.0.0":
  "integrity" "sha512-MghbMJ61EJrRsDe7w1Bvqt3ZsBuqhce5nrn/XAwgwOXhcsz53/ltdxOse1h/8eKXj5slzxdsz56g5rzOFSGwfQ=="
  "resolved" "https://registry.yarnpkg.com/get-browser-rtc/-/get-browser-rtc-1.1.0.tgz"
  "version" "1.1.0"

"get-caller-file@^2.0.5":
  "integrity" "sha512-DyFP3BM/3YHTQOCUL/w0OZHR0lpKeGrxotcHWcqNEdnltqFwXVfhEBQ94eIo34AfQpo0rGki4cyIiftY06h2Fg=="
  "resolved" "https://registry.yarnpkg.com/get-caller-file/-/get-caller-file-2.0.5.tgz"
  "version" "2.0.5"

"get-intrinsic@^1.0.0":
  "integrity" "sha512-ZnWP+AmS1VUaLgTRy47+zKtjTxz+0xMpx3I52i+aalBK1QP19ggLF3Db89KJX7kjfOfP2eoa01qc++GwPgufPg=="
  "resolved" "https://registry.yarnpkg.com/get-intrinsic/-/get-intrinsic-1.0.1.tgz"
  "version" "1.0.1"
  dependencies:
    "function-bind" "^1.1.1"
    "has" "^1.0.3"
    "has-symbols" "^1.0.1"

"glob@3.2.3":
  "integrity" "sha1-4xPusknHr/qlxHUoaw4RW1mDlGc="
  "resolved" "https://registry.yarnpkg.com/glob/-/glob-3.2.3.tgz"
  "version" "3.2.3"
  dependencies:
    "graceful-fs" "~2.0.0"
    "inherits" "2"
    "minimatch" "~0.2.11"

"graceful-fs@~2.0.0":
  "integrity" "sha1-fNLNsiiko/Nule+mzBQt59GhNtA="
  "resolved" "https://registry.yarnpkg.com/graceful-fs/-/graceful-fs-2.0.3.tgz"
  "version" "2.0.3"

"growl@1.8.1":
  "integrity" "sha1-Sy3sjZB+k9szZiTc7AGDUC+MlCg="
  "resolved" "https://registry.yarnpkg.com/growl/-/growl-1.8.1.tgz"
  "version" "1.8.1"

"has-binary@^0.1.5":
  "integrity" "sha1-aOYesWIQyVRaClzOBqhzkS/h5ow="
  "resolved" "https://registry.yarnpkg.com/has-binary/-/has-binary-0.1.7.tgz"
  "version" "0.1.7"
  dependencies:
    "isarray" "0.0.1"

"has-symbols@^1.0.1":
  "integrity" "sha512-PLcsoqu++dmEIZB+6totNFKq/7Do+Z0u4oT0zKOJNl3lYK6vGwwu2hjHs+68OEZbTjiUE9bgOABXbP/GvrS0Kg=="
  "resolved" "https://registry.yarnpkg.com/has-symbols/-/has-symbols-1.0.1.tgz"
  "version" "1.0.1"

"has@^1.0.3":
  "integrity" "sha512-f2dvO0VU6Oej7RkWJGrehjbzMAjFp5/VKPp5tTpWIV4JHHZK1/BxbFRtf/siA2SWTe09caDmVtYYzWEIbBS4zw=="
  "resolved" "https://registry.yarnpkg.com/has/-/has-1.0.3.tgz"
  "version" "1.0.3"
  dependencies:
    "function-bind" "^1.1.1"

"hash.js@^1.0.0", "hash.js@^1.0.3":
  "integrity" "sha512-taOaskGt4z4SOANNseOviYDvjEJinIkRgmp7LbKP2YTTmVxWBl87s/uzK9r+44BclBSp2X7K1hqeNfz9JbBeXA=="
  "resolved" "https://registry.yarnpkg.com/hash.js/-/hash.js-1.1.7.tgz"
  "version" "1.1.7"
  dependencies:
    "inherits" "^2.0.3"
    "minimalistic-assert" "^1.0.1"

"hat@0.0.3":
  "integrity" "sha1-uwFKnmSzeIrtgAWRdBPU/z1QLYo="
  "resolved" "https://registry.yarnpkg.com/hat/-/hat-0.0.3.tgz"
  "version" "0.0.3"

"hmac-drbg@^1.0.0":
  "integrity" "sha1-0nRXAQJabHdabFRXk+1QL8DGSaE="
  "resolved" "https://registry.yarnpkg.com/hmac-drbg/-/hmac-drbg-1.0.1.tgz"
  "version" "1.0.1"
  dependencies:
    "hash.js" "^1.0.3"
    "minimalistic-assert" "^1.0.0"
    "minimalistic-crypto-utils" "^1.0.1"

"inherits@^2.0.1", "inherits@^2.0.3", "inherits@2":
  "integrity" "sha512-k/vGaX4/Yla3WzyMCvTQOXYeIHvqOKtnqBduzTHpzpQZzAskKMhZ2K+EnBiSM9zGSoIFeMpXKxa4dYeZIQqewQ=="
  "resolved" "https://registry.yarnpkg.com/inherits/-/inherits-2.0.4.tgz"
  "version" "2.0.4"

"ipware@^2.0.0":
  "integrity" "sha512-xOqLoYyWIBcO6ANVZK7GgnuH9V7wbqDf6/MrRi4I+Ae1A11m6jcaNRtMSezypkupRUjiSSLq3F/DTvAM1cZfQw=="
  "resolved" "https://registry.npmjs.org/ipware/-/ipware-2.0.0.tgz"
  "version" "2.0.0"

"is-arguments@^1.0.4":
  "integrity" "sha512-xPh0Rmt8NE65sNzvyUmWgI1tz3mKq74lGA0mL8LYZcoIzKOzDh6HmrYm3d18k60nHerC8A9Km8kYu87zfSFnLA=="
  "resolved" "https://registry.yarnpkg.com/is-arguments/-/is-arguments-1.0.4.tgz"
  "version" "1.0.4"

"is-callable@^1.1.4", "is-callable@^1.2.2":
  "integrity" "sha512-dnMqspv5nU3LoewK2N/y7KLtxtakvTuaCsU9FU50/QDmdbHNy/4/JuRtMHqRU22o3q+W89YQndQEeCVwK+3qrA=="
  "resolved" "https://registry.yarnpkg.com/is-callable/-/is-callable-1.2.2.tgz"
  "version" "1.2.2"

"is-date-object@^1.0.1":
  "integrity" "sha512-USlDT524woQ08aoZFzh3/Z6ch9Y/EWXEHQ/AaRN0SkKq4t2Jw2R2339tSXmwuVoY7LLlBCbOIlx2myP/L5zk0g=="
  "resolved" "https://registry.yarnpkg.com/is-date-object/-/is-date-object-1.0.2.tgz"
  "version" "1.0.2"

"is-fullwidth-code-point@^3.0.0":
  "integrity" "sha512-zymm5+u+sCsSWyD9qNaejV3DFvhCKclKdizYaJUuHA83RLjb7nSuGnddCHGv0hk+KY7BMAlsWeK4Ueg6EV6XQg=="
  "resolved" "https://registry.yarnpkg.com/is-fullwidth-code-point/-/is-fullwidth-code-point-3.0.0.tgz"
  "version" "3.0.0"

"is-generator-function@^1.0.7":
  "integrity" "sha512-YZc5EwyO4f2kWCax7oegfuSr9mFz1ZvieNYBEjmukLxgXfBUbxAWGVF7GZf0zidYtoBl3WvC07YK0wT76a+Rtw=="
  "resolved" "https://registry.yarnpkg.com/is-generator-function/-/is-generator-function-1.0.7.tgz"
  "version" "1.0.7"

"is-negative-zero@^2.0.0":
  "integrity" "sha1-lVOxIbD6wohp2p7UWeIMdUN4hGE="
  "resolved" "https://registry.yarnpkg.com/is-negative-zero/-/is-negative-zero-2.0.0.tgz"
  "version" "2.0.0"

"is-regex@^1.1.1":
  "integrity" "sha512-1+QkEcxiLlB7VEyFtyBg94e08OAsvq7FUBgApTq/w2ymCLyKJgDPsybBENVtA7XCQEgEXxKPonG+mvYRxh/LIg=="
  "resolved" "https://registry.yarnpkg.com/is-regex/-/is-regex-1.1.1.tgz"
  "version" "1.1.1"
  dependencies:
    "has-symbols" "^1.0.1"

"is-symbol@^1.0.2":
  "integrity" "sha512-OwijhaRSgqvhm/0ZdAcXNZt9lYdKFpcRDT5ULUuYXPoT794UNOdU+gpT6Rzo7b4V2HUl/op6GqY894AZwv9faQ=="
  "resolved" "https://registry.yarnpkg.com/is-symbol/-/is-symbol-1.0.3.tgz"
  "version" "1.0.3"
  dependencies:
    "has-symbols" "^1.0.1"

"is-typed-array@^1.1.3":
  "integrity" "sha512-BSYUBOK/HJibQ30wWkWold5txYwMUXQct9YHAQJr8fSwvZoiglcqB0pd7vEN23+Tsi9IUEjztdOSzl4qLVYGTQ=="
  "resolved" "https://registry.yarnpkg.com/is-typed-array/-/is-typed-array-1.1.3.tgz"
  "version" "1.1.3"
  dependencies:
    "available-typed-arrays" "^1.0.0"
    "es-abstract" "^1.17.4"
    "foreach" "^2.0.5"
    "has-symbols" "^1.0.1"

"is-typedarray@^1.0.0":
  "integrity" "sha1-5HnICFjfDBsR3dppQPlgEfzaSpo="
  "resolved" "https://registry.yarnpkg.com/is-typedarray/-/is-typedarray-1.0.0.tgz"
  "version" "1.0.0"

"isarray@0.0.1":
  "integrity" "sha1-ihis/Kmo9Bd+Cav8YDiTmwXR7t8="
  "resolved" "https://registry.yarnpkg.com/isarray/-/isarray-0.0.1.tgz"
  "version" "0.0.1"

"jade@0.26.3":
  "integrity" "sha1-jxDXl32NefL2/4YqgbBRPMslaGw="
  "resolved" "https://registry.yarnpkg.com/jade/-/jade-0.26.3.tgz"
  "version" "0.26.3"
  dependencies:
    "commander" "0.6.1"
    "mkdirp" "0.3.0"

"json3@3.2.6":
  "integrity" "sha1-9u/JPAagTemuxTBT3yVZuxniA4s="
  "resolved" "https://registry.yarnpkg.com/json3/-/json3-3.2.6.tgz"
  "version" "3.2.6"

"lolex@1.1.0":
  "integrity" "sha1-Xbu8hQOV51I8dLNYb3+9JibSWxs="
  "resolved" "https://registry.yarnpkg.com/lolex/-/lolex-1.1.0.tgz"
  "version" "1.1.0"

"lru-cache@2":
  "integrity" "sha1-bUUk6LlV+V1PW1iFHOId1y+06VI="
  "resolved" "https://registry.yarnpkg.com/lru-cache/-/lru-cache-2.7.3.tgz"
  "version" "2.7.3"

"mime-db@1.44.0":
  "integrity" "sha512-/NOTfLrsPBVeH7YtFPgsVWveuL+4SjjYxaQ1xtM1KMFj7HdxlBlxeyNLzhyJVx7r4rZGJAZ/6lkKCitSc/Nmpg=="
  "resolved" "https://registry.yarnpkg.com/mime-db/-/mime-db-1.44.0.tgz"
  "version" "1.44.0"

"mime-types@~2.1.24":
  "integrity" "sha512-JIhqnCasI9yD+SsmkquHBxTSEuZdQX5BuQnS2Vc7puQQQ+8yiP5AY5uWhpdv4YL4VM5c6iliiYWPgJ/nJQLp7w=="
  "resolved" "https://registry.yarnpkg.com/mime-types/-/mime-types-2.1.27.tgz"
  "version" "2.1.27"
  dependencies:
    "mime-db" "1.44.0"

"minimalistic-assert@^1.0.0", "minimalistic-assert@^1.0.1":
  "integrity" "sha512-UtJcAD4yEaGtjPezWuO9wC4nwUnVH/8/Im3yEHQP4b67cXlD/Qr9hdITCU1xDbSEXg2XKNaP8jsReV7vQd00/A=="
  "resolved" "https://registry.yarnpkg.com/minimalistic-assert/-/minimalistic-assert-1.0.1.tgz"
  "version" "1.0.1"

"minimalistic-crypto-utils@^1.0.0", "minimalistic-crypto-utils@^1.0.1":
  "integrity" "sha1-9sAMHAsIIkblxNmd+4x8CDsrWCo="
  "resolved" "https://registry.yarnpkg.com/minimalistic-crypto-utils/-/minimalistic-crypto-utils-1.0.1.tgz"
  "version" "1.0.1"

"minimatch@~0.2.11":
  "integrity" "sha1-x054BXT2PG+aCQ6Q775u9TpqdWo="
  "resolved" "https://registry.yarnpkg.com/minimatch/-/minimatch-0.2.14.tgz"
  "version" "0.2.14"
  dependencies:
    "lru-cache" "2"
    "sigmund" "~1.0.0"

"minimist@0.0.8":
  "integrity" "sha1-hX/Kv8M5fSYluCKCYuhqp6ARsF0="
  "resolved" "https://registry.yarnpkg.com/minimist/-/minimist-0.0.8.tgz"
  "version" "0.0.8"

"mkdirp@0.3.0":
  "integrity" "sha1-G79asbqCevI1dRQ0kEJkVfSB/h4="
  "resolved" "https://registry.yarnpkg.com/mkdirp/-/mkdirp-0.3.0.tgz"
  "version" "0.3.0"

"mkdirp@0.5.0":
  "integrity" "sha1-HXMHam35hs2TROFecfzAWkyavxI="
  "resolved" "https://registry.yarnpkg.com/mkdirp/-/mkdirp-0.5.0.tgz"
  "version" "0.5.0"
  dependencies:
    "minimist" "0.0.8"

"mocha@~2.2.1":
  "integrity" "sha1-07cqT+SeyUOTU/GsiT28Qw2ZMUA="
  "resolved" "https://registry.yarnpkg.com/mocha/-/mocha-2.2.5.tgz"
  "version" "2.2.5"
  dependencies:
    "commander" "2.3.0"
    "debug" "2.0.0"
    "diff" "1.4.0"
    "escape-string-regexp" "1.0.2"
    "glob" "3.2.3"
    "growl" "1.8.1"
    "jade" "0.26.3"
    "mkdirp" "0.5.0"
    "supports-color" "~1.2.0"

"ms@^2.1.1":
  "integrity" "sha512-sGkPx+VjMtmA6MX27oA4FBFELFCZZ4S4XqeGOXCv68tT+jb3vk/RyaKWP0PTKyWtmLSM0b+adUTEvbs1PEaH2w=="
  "resolved" "https://registry.yarnpkg.com/ms/-/ms-2.1.2.tgz"
  "version" "2.1.2"

"ms@0.6.2":
  "integrity" "sha1-2JwhJMb9wTU9Zai3e/GqxLGTcIw="
  "resolved" "https://registry.yarnpkg.com/ms/-/ms-0.6.2.tgz"
  "version" "0.6.2"

"ms@0.7.0":
  "integrity" "sha1-hlvpTC5zl62KV9pqYzpuLzB5i4M="
  "resolved" "https://registry.yarnpkg.com/ms/-/ms-0.7.0.tgz"
  "version" "0.7.0"

"ms@2.0.0":
  "integrity" "sha1-VgiurfwAvmwpAd9fmGF4jeDVl8g="
  "resolved" "https://registry.yarnpkg.com/ms/-/ms-2.0.0.tgz"
  "version" "2.0.0"

"negotiator@0.6.2":
  "integrity" "sha512-hZXc7K2e+PgeI1eDBe/10Ard4ekbfrrqG8Ep+8Jmf4JID2bNg7NvCPOZN+kfF574pFQI7mum2AUqDidoKqcTOw=="
  "resolved" "https://registry.yarnpkg.com/negotiator/-/negotiator-0.6.2.tgz"
  "version" "0.6.2"

"object-assign@^4":
  "integrity" "sha1-IQmtx5ZYh8/AXLvUQsrIv7s2CGM="
  "resolved" "https://registry.yarnpkg.com/object-assign/-/object-assign-4.1.1.tgz"
  "version" "4.1.1"

"object-inspect@^1.8.0":
  "integrity" "sha512-jLdtEOB112fORuypAyl/50VRVIBIdVQOSUUGQHzJ4xBSbit81zRarz7GThkEFZy1RceYrWYcPcBFPQwHyAc1gA=="
  "resolved" "https://registry.yarnpkg.com/object-inspect/-/object-inspect-1.8.0.tgz"
  "version" "1.8.0"

"object-keys@^1.0.12", "object-keys@^1.1.1":
  "integrity" "sha512-NuAESUOUMrlIXOfHKzD6bpPu3tYt3xvjNdRIQ+FeT0lNb4K8WR70CaDxhuNguS2XG+GjkyMwOzsN5ZktImfhLA=="
  "resolved" "https://registry.yarnpkg.com/object-keys/-/object-keys-1.1.1.tgz"
  "version" "1.1.1"

"object.assign@^4.1.1":
  "integrity" "sha512-ixT2L5THXsApyiUPYKmW+2EHpXXe5Ii3M+f4e+aJFAHao5amFRW6J0OO6c/LU8Be47utCx2GL89hxGB6XSmKuQ=="
  "resolved" "https://registry.yarnpkg.com/object.assign/-/object.assign-4.1.2.tgz"
  "version" "4.1.2"
  dependencies:
    "call-bind" "^1.0.0"
    "define-properties" "^1.1.3"
    "has-symbols" "^1.0.1"
    "object-keys" "^1.1.1"

"once@^1.3.1":
  "integrity" "sha1-WDsap3WWHUsROsF9nFC6753Xa9E="
  "resolved" "https://registry.yarnpkg.com/once/-/once-1.4.0.tgz"
  "version" "1.4.0"
  dependencies:
    "wrappy" "1"

"require-directory@^2.1.1":
  "integrity" "sha1-jGStX9MNqxyXbiNE/+f3kqam30I="
  "resolved" "https://registry.yarnpkg.com/require-directory/-/require-directory-2.1.1.tgz"
  "version" "2.1.1"

"safe-buffer@^5.1.2":
  "integrity" "sha512-rp3So07KcdmmKbGvgaNxQSJr7bGVSVk5S9Eq1F+ppbRo70+YeaDxkw5Dd8NPN+GD6bjnYm2VuPuCXmpuYvmCXQ=="
  "resolved" "https://registry.yarnpkg.com/safe-buffer/-/safe-buffer-5.2.1.tgz"
  "version" "5.2.1"

"samsam@~1.1":
  "integrity" "sha1-n1CHQZtNCR8jJXHn+lLpCw9VJiE="
  "resolved" "https://registry.yarnpkg.com/samsam/-/samsam-1.1.3.tgz"
  "version" "1.1.3"

"sigmund@~1.0.0":
  "integrity" "sha1-P/IfGYytIXX587eBhT/ZTQ0ZtZA="
  "resolved" "https://registry.yarnpkg.com/sigmund/-/sigmund-1.0.1.tgz"
  "version" "1.0.1"

"simple-peer@~5.11.0":
  "integrity" "sha1-+/Iniz8WSTFRrB+laqmPVmx8lu4="
  "resolved" "https://registry.yarnpkg.com/simple-peer/-/simple-peer-5.11.9.tgz"
  "version" "5.11.9"
  dependencies:
    "debug" "^2.1.0"
    "get-browser-rtc" "^1.0.0"
    "hat" "0.0.3"
    "inherits" "^2.0.1"
    "is-typedarray" "^1.0.0"
    "once" "^1.3.1"

"sinon-chai@~2.7.0":
  "integrity" "sha1-ST3zo9dYkz/dNnjQEaT3ONXnJUA="
  "resolved" "https://registry.yarnpkg.com/sinon-chai/-/sinon-chai-2.7.0.tgz"
  "version" "2.7.0"

"sinon@>=1.4.0 <2", "sinon@~1.14.1":
  "integrity" "sha1-2CeXhBkYc0UHyUt6c+P1YJBFeK0="
  "resolved" "https://registry.yarnpkg.com/sinon/-/sinon-1.14.1.tgz"
  "version" "1.14.1"
  dependencies:
    "formatio" "1.1.1"
    "lolex" "1.1.0"
    "util" ">=0.10.3 <1"

"socket.io-adapter@~2.0.3":
  "integrity" "sha512-2wo4EXgxOGSFueqvHAdnmi5JLZzWqMArjuP4nqC26AtLh5PoCPsaRbRdah2xhcwTAMooZfjYiNVNkkmmSMaxOQ=="
  "resolved" "https://registry.yarnpkg.com/socket.io-adapter/-/socket.io-adapter-2.0.3.tgz"
  "version" "2.0.3"

"socket.io-p2p-parser@tomcartwrightuk/socket.io-p2p-parser":
  "version" "2.2.3"
  dependencies:
    "benchmark" "1.0.0"
    "component-emitter" "1.1.2"
    "debug" "0.7.4"
    "isarray" "0.0.1"
    "json3" "3.2.6"

"socket.io-p2p-server@^1.2.0":
  "integrity" "sha1-VFW/rxY3P072yuBLbOvsZmN3iuY="
  "resolved" "https://registry.yarnpkg.com/socket.io-p2p-server/-/socket.io-p2p-server-1.2.0.tgz"
  "version" "1.2.0"
  dependencies:
    "chai" "~2.1.2"
    "debug" "~2.1.2"
    "mocha" "~2.2.1"
    "sinon" "~1.14.1"
    "sinon-chai" "~2.7.0"

"socket.io-p2p@^2.2.0":
  "integrity" "sha1-pc2TWgDh8WCuLtvSomrbmWjIRTQ="
  "resolved" "https://registry.yarnpkg.com/socket.io-p2p/-/socket.io-p2p-2.2.0.tgz"
  "version" "2.2.0"
  dependencies:
    "component-bind" "^1.0.0"
    "component-emitter" "^1.2.0"
    "debug" "^2.1.0"
    "extend.js" "0.0.1"
    "has-binary" "^0.1.5"
    "hat" "0.0.3"
    "simple-peer" "~5.11.0"
    "socket.io-p2p-parser" "tomcartwrightuk/socket.io-p2p-parser"
    "to-array" "^0.1.4"
    "webrtcsupport" "^2.1.2"

"socket.io-parser@~4.0.1":
  "integrity" "sha512-5JfNykYptCwU2lkOI0ieoePWm+6stEhkZ2UnLDjqnE1YEjUlXXLd1lpxPZ+g+h3rtaytwWkWrLQCaJULlGqjOg=="
  "resolved" "https://registry.yarnpkg.com/socket.io-parser/-/socket.io-parser-4.0.1.tgz"
  "version" "4.0.1"
  dependencies:
    "component-emitter" "~1.3.0"
    "debug" "~4.1.0"

"socket.io@^3.0.3":
  "integrity" "sha512-TC1GnSXhDVmd3bHji5aG7AgWB8UL7E6quACbKra8uFXBqlMwEDbrJFK+tjuIY5Pe9N0L+MAPPDv3pycnn0000A=="
  "resolved" "https://registry.yarnpkg.com/socket.io/-/socket.io-3.0.3.tgz"
  "version" "3.0.3"
  dependencies:
    "@types/cookie" "^0.4.0"
    "@types/cors" "^2.8.8"
    "@types/node" "^14.14.7"
    "accepts" "~1.3.4"
    "base64id" "~2.0.0"
    "debug" "~4.1.0"
    "engine.io" "~4.0.0"
    "socket.io-adapter" "~2.0.3"
    "socket.io-parser" "~4.0.1"

"string-width@^4.1.0", "string-width@^4.2.0":
  "integrity" "sha512-zUz5JD+tgqtuDjMhwIg5uFVV3dtqZ9yQJlZVfq4I01/K5Paj5UHj7VyrQOJvzawSVlKpObApbfD0Ed6yJc+1eg=="
  "resolved" "https://registry.yarnpkg.com/string-width/-/string-width-4.2.0.tgz"
  "version" "4.2.0"
  dependencies:
    "emoji-regex" "^8.0.0"
    "is-fullwidth-code-point" "^3.0.0"
    "strip-ansi" "^6.0.0"

"string.prototype.trimend@^1.0.1":
  "integrity" "sha512-8oAG/hi14Z4nOVP0z6mdiVZ/wqjDtWSLygMigTzAb+7aPEDTleeFf+WrF+alzecxIRkckkJVn+dTlwzJXORATw=="
  "resolved" "https://registry.yarnpkg.com/string.prototype.trimend/-/string.prototype.trimend-1.0.2.tgz"
  "version" "1.0.2"
  dependencies:
    "define-properties" "^1.1.3"
    "es-abstract" "^1.18.0-next.1"

"string.prototype.trimstart@^1.0.1":
  "integrity" "sha512-7F6CdBTl5zyu30BJFdzSTlSlLPwODC23Od+iLoVH8X6+3fvDPPuBVVj9iaB1GOsSTSIgVfsfm27R2FGrAPznWg=="
  "resolved" "https://registry.yarnpkg.com/string.prototype.trimstart/-/string.prototype.trimstart-1.0.2.tgz"
  "version" "1.0.2"
  dependencies:
    "define-properties" "^1.1.3"
    "es-abstract" "^1.18.0-next.1"

"strip-ansi@^6.0.0":
  "integrity" "sha512-AuvKTrTfQNYNIctbR1K/YGTR1756GycPsg7b9bdV9Duqur4gv6aKqHXah67Z8ImS7WEz5QVcOtlfW2rZEugt6w=="
  "resolved" "https://registry.yarnpkg.com/strip-ansi/-/strip-ansi-6.0.0.tgz"
  "version" "6.0.0"
  dependencies:
    "ansi-regex" "^5.0.0"

"supports-color@~1.2.0":
  "integrity" "sha1-Eu4hUHCGzZjBBY2ewPSsR2t687I="
  "resolved" "https://registry.yarnpkg.com/supports-color/-/supports-color-1.2.1.tgz"
  "version" "1.2.1"

"to-array@^0.1.4":
  "integrity" "sha1-F+bBH3PdTz10zaek/zI46a2b+JA="
  "resolved" "https://registry.yarnpkg.com/to-array/-/to-array-0.1.4.tgz"
  "version" "0.1.4"

"type-detect@0.1.1":
  "integrity" "sha1-C6XsKohWQORw6k6FBZcZANrFiCI="
  "resolved" "https://registry.yarnpkg.com/type-detect/-/type-detect-0.1.1.tgz"
  "version" "0.1.1"

"util@>=0.10.3 <1":
  "integrity" "sha512-I8XkoQwE+fPQEhy9v012V+TSdH2kp9ts29i20TaaDUXsg7x/onePbhFJUExBfv/2ay1ZOp/Vsm3nDlmnFGSAog=="
  "resolved" "https://registry.yarnpkg.com/util/-/util-0.12.3.tgz"
  "version" "0.12.3"
  dependencies:
    "inherits" "^2.0.3"
    "is-arguments" "^1.0.4"
    "is-generator-function" "^1.0.7"
    "is-typed-array" "^1.1.3"
    "safe-buffer" "^5.1.2"
    "which-typed-array" "^1.1.2"

"vary@^1":
  "integrity" "sha1-IpnwLG3tMNSllhsLn3RSShj2NPw="
  "resolved" "https://registry.yarnpkg.com/vary/-/vary-1.1.2.tgz"
  "version" "1.1.2"

"webrtcsupport@^2.1.2":
  "integrity" "sha1-MtjJYIclraNSrwq2q/IayrUYKqY="
  "resolved" "https://registry.yarnpkg.com/webrtcsupport/-/webrtcsupport-2.2.0.tgz"
  "version" "2.2.0"

"which-typed-array@^1.1.2":
  "integrity" "sha512-KT6okrd1tE6JdZAy3o2VhMoYPh3+J6EMZLyrxBQsZflI1QCZIxMrIYLkosd8Twf+YfknVIHmYQPgJt238p8dnQ=="
  "resolved" "https://registry.yarnpkg.com/which-typed-array/-/which-typed-array-1.1.2.tgz"
  "version" "1.1.2"
  dependencies:
    "available-typed-arrays" "^1.0.2"
    "es-abstract" "^1.17.5"
    "foreach" "^2.0.5"
    "function-bind" "^1.1.1"
    "has-symbols" "^1.0.1"
    "is-typed-array" "^1.1.3"

"wrap-ansi@^7.0.0":
  "integrity" "sha512-YVGIj2kamLSTxw6NsZjoBxfSwsn0ycdesmc4p+Q21c5zPuZ1pl+NfxVdxPtdHvmNVOQ6XSYG4AUtyt/Fi7D16Q=="
  "resolved" "https://registry.yarnpkg.com/wrap-ansi/-/wrap-ansi-7.0.0.tgz"
  "version" "7.0.0"
  dependencies:
    "ansi-styles" "^4.0.0"
    "string-width" "^4.1.0"
    "strip-ansi" "^6.0.0"

"wrappy@1":
  "integrity" "sha1-tSQ9jz7BqjXxNkYFvA0QNuMKtp8="
  "resolved" "https://registry.yarnpkg.com/wrappy/-/wrappy-1.0.2.tgz"
  "version" "1.0.2"

"ws@^7.1.2", "ws@^7.4.0":
  "integrity" "sha512-kyFwXuV/5ymf+IXhS6f0+eAFvydbaBW3zjpT6hUdAh/hbVjTIB5EHBGi0bPoCLSK2wcuz3BrEkB9LrYv1Nm4NQ=="
  "resolved" "https://registry.yarnpkg.com/ws/-/ws-7.4.0.tgz"
  "version" "7.4.0"

"y18n@^5.0.5":
  "integrity" "sha512-hsRUr4FFrvhhRH12wOdfs38Gy7k2FFzB9qgN9v3aLykRq0dRcdcpz5C9FxdS2NuhOrI/628b/KSTJ3rwHysYSg=="
  "resolved" "https://registry.yarnpkg.com/y18n/-/y18n-5.0.5.tgz"
  "version" "5.0.5"

"yargs-parser@^20.2.2":
  "integrity" "sha512-WOkpgNhPTlE73h4VFAFsOnomJVaovO8VqLDzy5saChRBFQFBoMYirowyW+Q9HB4HFF4Z7VZTiG3iSzJJA29yRA=="
  "resolved" "https://registry.yarnpkg.com/yargs-parser/-/yargs-parser-20.2.4.tgz"
  "version" "20.2.4"

"yargs@^16.1.1":
  "integrity" "sha512-hAD1RcFP/wfgfxgMVswPE+z3tlPFtxG8/yWUrG2i17sTWGCGqWnxKcLTF4cUKDUK8fzokwsmO9H0TDkRbMHy8w=="
  "resolved" "https://registry.yarnpkg.com/yargs/-/yargs-16.1.1.tgz"
  "version" "16.1.1"
  dependencies:
    "cliui" "^7.0.2"
    "escalade" "^3.1.1"
    "get-caller-file" "^2.0.5"
    "require-directory" "^2.1.1"
    "string-width" "^4.2.0"
    "y18n" "^5.0.5"
    "yargs-parser" "^20.2.2"
